
Microsoft Visual Studio Solution File, Format Version 12.00
# Visual Studio 15
VisualStudioVersion = 15.0.27703.2047
MinimumVisualStudioVersion = 10.0.40219.1
Project("{FAE04EC0-301F-11D3-BF4B-00C04F79EFBC}") = "DimensionData-ms", "DimensionData-ms\DimensionData-ms.csproj", "{58EFAF4A-4EFE-4B0E-97BF-E4EB222EB50A}"
EndProject
Global
	GlobalSection(SolutionConfigurationPlatforms) = preSolution
		Debug|Any CPU = Debug|Any CPU
		Release|Any CPU = Release|Any CPU
	EndGlobalSection
	GlobalSection(ProjectConfigurationPlatforms) = postSolution
		{58EFAF4A-4EFE-4B0E-97BF-E4EB222EB50A}.Debug|Any CPU.ActiveCfg = Debug|Any CPU
		{58EFAF4A-4EFE-4B0E-97BF-E4EB222EB50A}.Debug|Any CPU.Build.0 = Debug|Any CPU
		{58EFAF4A-4EFE-4B0E-97BF-E4EB222EB50A}.Release|Any CPU.ActiveCfg = Release|Any CPU
		{58EFAF4A-4EFE-4B0E-97BF-E4EB222EB50A}.Release|Any CPU.Build.0 = Release|Any CPU
	EndGlobalSection
	GlobalSection(SolutionProperties) = preSolution
		HideSolutionNode = FALSE
	EndGlobalSection
	GlobalSection(ExtensibilityGlobals) = postSolution
		SolutionGuid = {2D3BA581-1D79-4197-9D0A-CD7B2BA12AD4}
	EndGlobalSection
EndGlobal
